// !$*UTF8*$!
{
	archiveVersion = 1;
	classes = {
	};
	objectVersion = 56;
	objects = {

/* Begin PBXBuildFile section */
		9D2D08D229C445E700E6404C /* MyNavigation.swift in Sources */ = {isa = PBXBuildFile; fileRef = 9D2D08D129C445E700E6404C /* MyNavigation.swift */; };
		9D2D08D429C44A8600E6404C /* ThirdHelper.swift in Sources */ = {isa = PBXBuildFile; fileRef = 9D2D08D329C44A8600E6404C /* ThirdHelper.swift */; };
		9D2D08D929C44AB300E6404C /* DayAccount+CoreDataClass.swift in Sources */ = {isa = PBXBuildFile; fileRef = 9D2D08D529C44AB300E6404C /* DayAccount+CoreDataClass.swift */; };
		9D2D08DA29C44AB300E6404C /* DayAccount+CoreDataProperties.swift in Sources */ = {isa = PBXBuildFile; fileRef = 9D2D08D629C44AB300E6404C /* DayAccount+CoreDataProperties.swift */; };
		9D2D08DB29C44AB300E6404C /* Record+CoreDataClass.swift in Sources */ = {isa = PBXBuildFile; fileRef = 9D2D08D729C44AB300E6404C /* Record+CoreDataClass.swift */; };
		9D2D08DC29C44AB300E6404C /* Record+CoreDataProperties.swift in Sources */ = {isa = PBXBuildFile; fileRef = 9D2D08D829C44AB300E6404C /* Record+CoreDataProperties.swift */; };
		9D5A936829BE1B4600EF4747 /* ZhangBuApp.swift in Sources */ = {isa = PBXBuildFile; fileRef = 9D5A936729BE1B4600EF4747 /* ZhangBuApp.swift */; };
		9D5A936A29BE1B4700EF4747 /* ContentView.swift in Sources */ = {isa = PBXBuildFile; fileRef = 9D5A936929BE1B4700EF4747 /* ContentView.swift */; };
		9D5A936C29BE1B4700EF4747 /* Assets.xcassets in Resources */ = {isa = PBXBuildFile; fileRef = 9D5A936B29BE1B4700EF4747 /* Assets.xcassets */; };
		9D5A936F29BE1B4700EF4747 /* Preview Assets.xcassets in Resources */ = {isa = PBXBuildFile; fileRef = 9D5A936E29BE1B4700EF4747 /* Preview Assets.xcassets */; };
		9D5A937129BE1B4700EF4747 /* Persistence.swift in Sources */ = {isa = PBXBuildFile; fileRef = 9D5A937029BE1B4700EF4747 /* Persistence.swift */; };
		9D5A937429BE1B4700EF4747 /* ZhangBu.xcdatamodeld in Sources */ = {isa = PBXBuildFile; fileRef = 9D5A937229BE1B4700EF4747 /* ZhangBu.xcdatamodeld */; };
		9D5A939629BE26C600EF4747 /* StaticProperty.swift in Sources */ = {isa = PBXBuildFile; fileRef = 9D5A939529BE26C600EF4747 /* StaticProperty.swift */; };
		9D5A939829BE271800EF4747 /* PersonalInfo.swift in Sources */ = {isa = PBXBuildFile; fileRef = 9D5A939729BE271800EF4747 /* PersonalInfo.swift */; };
		9D5A939A29BEC56900EF4747 /* AddDayAccountView.swift in Sources */ = {isa = PBXBuildFile; fileRef = 9D5A939929BEC56900EF4747 /* AddDayAccountView.swift */; };
		9D5A939C29BF1F1000EF4747 /* AccountsList.swift in Sources */ = {isa = PBXBuildFile; fileRef = 9D5A939B29BF1F1000EF4747 /* AccountsList.swift */; };
		9D5A93A029BF532000EF4747 /* AccountsChart.swift in Sources */ = {isa = PBXBuildFile; fileRef = 9D5A939F29BF532000EF4747 /* AccountsChart.swift */; };
		9D5A93A429C20FB500EF4747 /* SpirographView.swift in Sources */ = {isa = PBXBuildFile; fileRef = 9D5A93A329C20FB500EF4747 /* SpirographView.swift */; };
		9D5A93A829C2111900EF4747 /* SettingView.swift in Sources */ = {isa = PBXBuildFile; fileRef = 9D5A93A729C2111900EF4747 /* SettingView.swift */; };
		9DA4EB1529C3470B003DB3BF /* ICONView.swift in Sources */ = {isa = PBXBuildFile; fileRef = 9DA4EB1429C3470B003DB3BF /* ICONView.swift */; };
/* End PBXBuildFile section */

/* Begin PBXFileReference section */
		9D2D08D129C445E700E6404C /* MyNavigation.swift */ = {isa = PBXFileReference; lastKnownFileType = sourcecode.swift; path = MyNavigation.swift; sourceTree = "<group>"; };
		9D2D08D329C44A8600E6404C /* ThirdHelper.swift */ = {isa = PBXFileReference; lastKnownFileType = sourcecode.swift; path = ThirdHelper.swift; sourceTree = SOURCE_ROOT; };
		9D2D08D529C44AB300E6404C /* DayAccount+CoreDataClass.swift */ = {isa = PBXFileReference; lastKnownFileType = sourcecode.swift; path = "DayAccount+CoreDataClass.swift"; sourceTree = SOURCE_ROOT; };
		9D2D08D629C44AB300E6404C /* DayAccount+CoreDataProperties.swift */ = {isa = PBXFileReference; lastKnownFileType = sourcecode.swift; path = "DayAccount+CoreDataProperties.swift"; sourceTree = SOURCE_ROOT; };
		9D2D08D729C44AB300E6404C /* Record+CoreDataClass.swift */ = {isa = PBXFileReference; lastKnownFileType = sourcecode.swift; path = "Record+CoreDataClass.swift"; sourceTree = SOURCE_ROOT; };
		9D2D08D829C44AB300E6404C /* Record+CoreDataProperties.swift */ = {isa = PBXFileReference; lastKnownFileType = sourcecode.swift; path = "Record+CoreDataProperties.swift"; sourceTree = SOURCE_ROOT; };
		9D5A936429BE1B4600EF4747 /* ZhangBu.app */ = {isa = PBXFileReference; explicitFileType = wrapper.application; includeInIndex = 0; path = ZhangBu.app; sourceTree = BUILT_PRODUCTS_DIR; };
		9D5A936729BE1B4600EF4747 /* ZhangBuApp.swift */ = {isa = PBXFileReference; lastKnownFileType = sourcecode.swift; path = ZhangBuApp.swift; sourceTree = "<group>"; };
		9D5A936929BE1B4700EF4747 /* ContentView.swift */ = {isa = PBXFileReference; lastKnownFileType = sourcecode.swift; path = ContentView.swift; sourceTree = "<group>"; };
		9D5A936B29BE1B4700EF4747 /* Assets.xcassets */ = {isa = PBXFileReference; lastKnownFileType = folder.assetcatalog; path = Assets.xcassets; sourceTree = "<group>"; };
		9D5A936E29BE1B4700EF4747 /* Preview Assets.xcassets */ = {isa = PBXFileReference; lastKnownFileType = folder.assetcatalog; path = "Preview Assets.xcassets"; sourceTree = "<group>"; };
		9D5A937029BE1B4700EF4747 /* Persistence.swift */ = {isa = PBXFileReference; lastKnownFileType = sourcecode.swift; path = Persistence.swift; sourceTree = "<group>"; };
		9D5A937329BE1B4700EF4747 /* ZhangBu.xcdatamodel */ = {isa = PBXFileReference; lastKnownFileType = wrapper.xcdatamodel; path = ZhangBu.xcdatamodel; sourceTree = "<group>"; };
		9D5A937529BE1B4700EF4747 /* Info.plist */ = {isa = PBXFileReference; lastKnownFileType = text.plist.xml; path = Info.plist; sourceTree = "<group>"; };
		9D5A939529BE26C600EF4747 /* StaticProperty.swift */ = {isa = PBXFileReference; lastKnownFileType = sourcecode.swift; path = StaticProperty.swift; sourceTree = "<group>"; };
		9D5A939729BE271800EF4747 /* PersonalInfo.swift */ = {isa = PBXFileReference; lastKnownFileType = sourcecode.swift; path = PersonalInfo.swift; sourceTree = "<group>"; };
		9D5A939929BEC56900EF4747 /* AddDayAccountView.swift */ = {isa = PBXFileReference; fileEncoding = 4; lastKnownFileType = sourcecode.swift; path = AddDayAccountView.swift; sourceTree = "<group>"; };
		9D5A939B29BF1F1000EF4747 /* AccountsList.swift */ = {isa = PBXFileReference; fileEncoding = 4; lastKnownFileType = sourcecode.swift; path = AccountsList.swift; sourceTree = "<group>"; };
		9D5A939F29BF532000EF4747 /* AccountsChart.swift */ = {isa = PBXFileReference; fileEncoding = 4; lastKnownFileType = sourcecode.swift; path = AccountsChart.swift; sourceTree = "<group>"; };
		9D5A93A129C086C900EF4747 /* ZhangBu.entitlements */ = {isa = PBXFileReference; lastKnownFileType = text.plist.entitlements; path = ZhangBu.entitlements; sourceTree = "<group>"; };
		9D5A93A329C20FB500EF4747 /* SpirographView.swift */ = {isa = PBXFileReference; fileEncoding = 4; lastKnownFileType = sourcecode.swift; path = SpirographView.swift; sourceTree = "<group>"; };
		9D5A93A729C2111900EF4747 /* SettingView.swift */ = {isa = PBXFileReference; fileEncoding = 4; lastKnownFileType = sourcecode.swift; path = SettingView.swift; sourceTree = "<group>"; };
		9DA4EB1429C3470B003DB3BF /* ICONView.swift */ = {isa = PBXFileReference; lastKnownFileType = sourcecode.swift; path = ICONView.swift; sourceTree = "<group>"; };
/* End PBXFileReference section */

/* Begin PBXFrameworksBuildPhase section */
		9D5A936129BE1B4600EF4747 /* Frameworks */ = {
			isa = PBXFrameworksBuildPhase;
			buildActionMask = 2147483647;
			files = (
			);
			runOnlyForDeploymentPostprocessing = 0;
		};
/* End PBXFrameworksBuildPhase section */

/* Begin PBXGroup section */
		9D5A935B29BE1B4600EF4747 = {
			isa = PBXGroup;
			children = (
				9D5A936629BE1B4600EF4747 /* ZhangBu */,
				9D5A936529BE1B4600EF4747 /* Products */,
			);
			sourceTree = "<group>";
		};
		9D5A936529BE1B4600EF4747 /* Products */ = {
			isa = PBXGroup;
			children = (
				9D5A936429BE1B4600EF4747 /* ZhangBu.app */,
			);
			name = Products;
			sourceTree = "<group>";
		};
		9D5A936629BE1B4600EF4747 /* ZhangBu */ = {
			isa = PBXGroup;
			children = (
				9D2D08D529C44AB300E6404C /* DayAccount+CoreDataClass.swift */,
				9D2D08D629C44AB300E6404C /* DayAccount+CoreDataProperties.swift */,
				9D2D08D729C44AB300E6404C /* Record+CoreDataClass.swift */,
				9D2D08D829C44AB300E6404C /* Record+CoreDataProperties.swift */,
				9D2D08D329C44A8600E6404C /* ThirdHelper.swift */,
				9D5A93A129C086C900EF4747 /* ZhangBu.entitlements */,
				9D5A939529BE26C600EF4747 /* StaticProperty.swift */,
				9D5A939B29BF1F1000EF4747 /* AccountsList.swift */,
				9D5A936729BE1B4600EF4747 /* ZhangBuApp.swift */,
				9DA4EB1429C3470B003DB3BF /* ICONView.swift */,
				9D5A939929BEC56900EF4747 /* AddDayAccountView.swift */,
				9D5A93A729C2111900EF4747 /* SettingView.swift */,
				9D5A939F29BF532000EF4747 /* AccountsChart.swift */,
				9D5A936929BE1B4700EF4747 /* ContentView.swift */,
				9D2D08D129C445E700E6404C /* MyNavigation.swift */,
				9D5A939729BE271800EF4747 /* PersonalInfo.swift */,
				9D5A93A329C20FB500EF4747 /* SpirographView.swift */,
				9D5A936B29BE1B4700EF4747 /* Assets.xcassets */,
				9D5A937029BE1B4700EF4747 /* Persistence.swift */,
				9D5A937529BE1B4700EF4747 /* Info.plist */,
				9D5A937229BE1B4700EF4747 /* ZhangBu.xcdatamodeld */,
				9D5A936D29BE1B4700EF4747 /* Preview Content */,
			);
			path = ZhangBu;
			sourceTree = "<group>";
		};
		9D5A936D29BE1B4700EF4747 /* Preview Content */ = {
			isa = PBXGroup;
			children = (
				9D5A936E29BE1B4700EF4747 /* Preview Assets.xcassets */,
			);
			path = "Preview Content";
			sourceTree = "<group>";
		};
/* End PBXGroup section */

/* Begin PBXNativeTarget section */
		9D5A936329BE1B4600EF4747 /* ZhangBu */ = {
			isa = PBXNativeTarget;
			buildConfigurationList = 9D5A937829BE1B4700EF4747 /* Build configuration list for PBXNativeTarget "ZhangBu" */;
			buildPhases = (
				9D5A936029BE1B4600EF4747 /* Sources */,
				9D5A936129BE1B4600EF4747 /* Frameworks */,
				9D5A936229BE1B4600EF4747 /* Resources */,
			);
			buildRules = (
			);
			dependencies = (
			);
			name = ZhangBu;
			productName = ZhangBu;
			productReference = 9D5A936429BE1B4600EF4747 /* ZhangBu.app */;
			productType = "com.apple.product-type.application";
		};
/* End PBXNativeTarget section */

/* Begin PBXProject section */
		9D5A935C29BE1B4600EF4747 /* Project object */ = {
			isa = PBXProject;
			attributes = {
				BuildIndependentTargetsInParallel = 1;
				LastSwiftUpdateCheck = 1420;
				LastUpgradeCheck = 1420;
				TargetAttributes = {
					9D5A936329BE1B4600EF4747 = {
						CreatedOnToolsVersion = 14.2;
					};
				};
			};
			buildConfigurationList = 9D5A935F29BE1B4600EF4747 /* Build configuration list for PBXProject "ZhangBu" */;
			compatibilityVersion = "Xcode 14.0";
			developmentRegion = en;
			hasScannedForEncodings = 0;
			knownRegions = (
				en,
				Base,
			);
			mainGroup = 9D5A935B29BE1B4600EF4747;
			productRefGroup = 9D5A936529BE1B4600EF4747 /* Products */;
			projectDirPath = "";
			projectRoot = "";
			targets = (
				9D5A936329BE1B4600EF4747 /* ZhangBu */,
			);
		};
/* End PBXProject section */

/* Begin PBXResourcesBuildPhase section */
		9D5A936229BE1B4600EF4747 /* Resources */ = {
			isa = PBXResourcesBuildPhase;
			buildActionMask = 2147483647;
			files = (
				9D5A936F29BE1B4700EF4747 /* Preview Assets.xcassets in Resources */,
				9D5A936C29BE1B4700EF4747 /* Assets.xcassets in Resources */,
			);
			runOnlyForDeploymentPostprocessing = 0;
		};
/* End PBXResourcesBuildPhase section */

/* Begin PBXSourcesBuildPhase section */
		9D5A936029BE1B4600EF4747 /* Sources */ = {
			isa = PBXSourcesBuildPhase;
			buildActionMask = 2147483647;
			files = (
				9D5A937129BE1B4700EF4747 /* Persistence.swift in Sources */,
				9D5A93A429C20FB500EF4747 /* SpirographView.swift in Sources */,
				9D5A939C29BF1F1000EF4747 /* AccountsList.swift in Sources */,
				9D2D08DB29C44AB300E6404C /* Record+CoreDataClass.swift in Sources */,
				9D2D08D429C44A8600E6404C /* ThirdHelper.swift in Sources */,
				9D2D08DA29C44AB300E6404C /* DayAccount+CoreDataProperties.swift in Sources */,
				9D2D08D929C44AB300E6404C /* DayAccount+CoreDataClass.swift in Sources */,
				9D5A939A29BEC56900EF4747 /* AddDayAccountView.swift in Sources */,
				9DA4EB1529C3470B003DB3BF /* ICONView.swift in Sources */,
				9D5A936A29BE1B4700EF4747 /* ContentView.swift in Sources */,
				9D2D08DC29C44AB300E6404C /* Record+CoreDataProperties.swift in Sources */,
				9D5A93A829C2111900EF4747 /* SettingView.swift in Sources */,
				9D5A93A029BF532000EF4747 /* AccountsChart.swift in Sources */,
				9D5A936829BE1B4600EF4747 /* ZhangBuApp.swift in Sources */,
				9D5A939829BE271800EF4747 /* PersonalInfo.swift in Sources */,
				9D2D08D229C445E700E6404C /* MyNavigation.swift in Sources */,
				9D5A939629BE26C600EF4747 /* StaticProperty.swift in Sources */,
				9D5A937429BE1B4700EF4747 /* ZhangBu.xcdatamodeld in Sources */,
			);
			runOnlyForDeploymentPostprocessing = 0;
		};
/* End PBXSourcesBuildPhase section */

/* Begin XCBuildConfiguration section */
		9D5A937629BE1B4700EF4747 /* Debug */ = {
			isa = XCBuildConfiguration;
			buildSettings = {
				ALWAYS_SEARCH_USER_PATHS = NO;
				CLANG_ANALYZER_NONNULL = YES;
				CLANG_ANALYZER_NUMBER_OBJECT_CONVERSION = YES_AGGRESSIVE;
				CLANG_CXX_LANGUAGE_STANDARD = "gnu++20";
				CLANG_ENABLE_MODULES = YES;
				CLANG_ENABLE_OBJC_ARC = YES;
				CLANG_ENABLE_OBJC_WEAK = YES;
				CLANG_WARN_BLOCK_CAPTURE_AUTORELEASING = YES;
				CLANG_WARN_BOOL_CONVERSION = YES;
				CLANG_WARN_COMMA = YES;
				CLANG_WARN_CONSTANT_CONVERSION = YES;
				CLANG_WARN_DEPRECATED_OBJC_IMPLEMENTATIONS = YES;
				CLANG_WARN_DIRECT_OBJC_ISA_USAGE = YES_ERROR;
				CLANG_WARN_DOCUMENTATION_COMMENTS = YES;
				CLANG_WARN_EMPTY_BODY = YES;
				CLANG_WARN_ENUM_CONVERSION = YES;
				CLANG_WARN_INFINITE_RECURSION = YES;
				CLANG_WARN_INT_CONVERSION = YES;
				CLANG_WARN_NON_LITERAL_NULL_CONVERSION = YES;
				CLANG_WARN_OBJC_IMPLICIT_RETAIN_SELF = YES;
				CLANG_WARN_OBJC_LITERAL_CONVERSION = YES;
				CLANG_WARN_OBJC_ROOT_CLASS = YES_ERROR;
				CLANG_WARN_QUOTED_INCLUDE_IN_FRAMEWORK_HEADER = YES;
				CLANG_WARN_RANGE_LOOP_ANALYSIS = YES;
				CLANG_WARN_STRICT_PROTOTYPES = YES;
				CLANG_WARN_SUSPICIOUS_MOVE = YES;
				CLANG_WARN_UNGUARDED_AVAILABILITY = YES_AGGRESSIVE;
				CLANG_WARN_UNREACHABLE_CODE = YES;
				CLANG_WARN__DUPLICATE_METHOD_MATCH = YES;
				COPY_PHASE_STRIP = NO;
				DEBUG_INFORMATION_FORMAT = dwarf;
				ENABLE_STRICT_OBJC_MSGSEND = YES;
				ENABLE_TESTABILITY = YES;
				GCC_C_LANGUAGE_STANDARD = gnu11;
				GCC_DYNAMIC_NO_PIC = NO;
				GCC_NO_COMMON_BLOCKS = YES;
				GCC_OPTIMIZATION_LEVEL = 0;
				GCC_PREPROCESSOR_DEFINITIONS = (
					"DEBUG=1",
					"$(inherited)",
				);
				GCC_WARN_64_TO_32_BIT_CONVERSION = YES;
				GCC_WARN_ABOUT_RETURN_TYPE = YES_ERROR;
				GCC_WARN_UNDECLARED_SELECTOR = YES;
				GCC_WARN_UNINITIALIZED_AUTOS = YES_AGGRESSIVE;
				GCC_WARN_UNUSED_FUNCTION = YES;
				GCC_WARN_UNUSED_VARIABLE = YES;
				IPHONEOS_DEPLOYMENT_TARGET = 16.0;
				MTL_ENABLE_DEBUG_INFO = INCLUDE_SOURCE;
				MTL_FAST_MATH = YES;
				ONLY_ACTIVE_ARCH = YES;
				SDKROOT = iphoneos;
				SWIFT_ACTIVE_COMPILATION_CONDITIONS = DEBUG;
				SWIFT_OPTIMIZATION_LEVEL = "-Onone";
			};
			name = Debug;
		};
		9D5A937729BE1B4700EF4747 /* Release */ = {
			isa = XCBuildConfiguration;
			buildSettings = {
				ALWAYS_SEARCH_USER_PATHS = NO;
				CLANG_ANALYZER_NONNULL = YES;
				CLANG_ANALYZER_NUMBER_OBJECT_CONVERSION = YES_AGGRESSIVE;
				CLANG_CXX_LANGUAGE_STANDARD = "gnu++20";
				CLANG_ENABLE_MODULES = YES;
				CLANG_ENABLE_OBJC_ARC = YES;
				CLANG_ENABLE_OBJC_WEAK = YES;
				CLANG_WARN_BLOCK_CAPTURE_AUTORELEASING = YES;
				CLANG_WARN_BOOL_CONVERSION = YES;
				CLANG_WARN_COMMA = YES;
				CLANG_WARN_CONSTANT_CONVERSION = YES;
				CLANG_WARN_DEPRECATED_OBJC_IMPLEMENTATIONS = YES;
				CLANG_WARN_DIRECT_OBJC_ISA_USAGE = YES_ERROR;
				CLANG_WARN_DOCUMENTATION_COMMENTS = YES;
				CLANG_WARN_EMPTY_BODY = YES;
				CLANG_WARN_ENUM_CONVERSION = YES;
				CLANG_WARN_INFINITE_RECURSION = YES;
				CLANG_WARN_INT_CONVERSION = YES;
				CLANG_WARN_NON_LITERAL_NULL_CONVERSION = YES;
				CLANG_WARN_OBJC_IMPLICIT_RETAIN_SELF = YES;
				CLANG_WARN_OBJC_LITERAL_CONVERSION = YES;
				CLANG_WARN_OBJC_ROOT_CLASS = YES_ERROR;
				CLANG_WARN_QUOTED_INCLUDE_IN_FRAMEWORK_HEADER = YES;
				CLANG_WARN_RANGE_LOOP_ANALYSIS = YES;
				CLANG_WARN_STRICT_PROTOTYPES = YES;
				CLANG_WARN_SUSPICIOUS_MOVE = YES;
				CLANG_WARN_UNGUARDED_AVAILABILITY = YES_AGGRESSIVE;
				CLANG_WARN_UNREACHABLE_CODE = YES;
				CLANG_WARN__DUPLICATE_METHOD_MATCH = YES;
				COPY_PHASE_STRIP = NO;
				DEBUG_INFORMATION_FORMAT = "dwarf-with-dsym";
				ENABLE_NS_ASSERTIONS = NO;
				ENABLE_STRICT_OBJC_MSGSEND = YES;
				GCC_C_LANGUAGE_STANDARD = gnu11;
				GCC_NO_COMMON_BLOCKS = YES;
				GCC_WARN_64_TO_32_BIT_CONVERSION = YES;
				GCC_WARN_ABOUT_RETURN_TYPE = YES_ERROR;
				GCC_WARN_UNDECLARED_SELECTOR = YES;
				GCC_WARN_UNINITIALIZED_AUTOS = YES_AGGRESSIVE;
				GCC_WARN_UNUSED_FUNCTION = YES;
				GCC_WARN_UNUSED_VARIABLE = YES;
				IPHONEOS_DEPLOYMENT_TARGET = 16.0;
				MTL_ENABLE_DEBUG_INFO = NO;
				MTL_FAST_MATH = YES;
				SDKROOT = iphoneos;
				SWIFT_COMPILATION_MODE = wholemodule;
				SWIFT_OPTIMIZATION_LEVEL = "-O";
				VALIDATE_PRODUCT = YES;
			};
			name = Release;
		};
		9D5A937929BE1B4700EF4747 /* Debug */ = {
			isa = XCBuildConfiguration;
			buildSettings = {
				ASSETCATALOG_COMPILER_APPICON_NAME = AppIcon;
				ASSETCATALOG_COMPILER_GLOBAL_ACCENT_COLOR_NAME = AccentColor;
				CODE_SIGN_ENTITLEMENTS = ZhangBu/ZhangBu.entitlements;
				CODE_SIGN_STYLE = Automatic;
				CURRENT_PROJECT_VERSION = 1;
				DEVELOPMENT_ASSET_PATHS = "\"ZhangBu/Preview Content\"";
				DEVELOPMENT_TEAM = QXK2SWBXZ7;
				ENABLE_PREVIEWS = YES;
				GENERATE_INFOPLIST_FILE = YES;
				INFOPLIST_FILE = ZhangBu/Info.plist;
				INFOPLIST_KEY_NSFaceIDUsageDescription = "请求使用Face ID解锁此app！";
				INFOPLIST_KEY_UIApplicationSceneManifest_Generation = YES;
				INFOPLIST_KEY_UIApplicationSupportsIndirectInputEvents = YES;
				INFOPLIST_KEY_UILaunchScreen_Generation = YES;
				INFOPLIST_KEY_UISupportedInterfaceOrientations = UIInterfaceOrientationPortrait;
				INFOPLIST_KEY_UISupportedInterfaceOrientations_iPad = "UIInterfaceOrientationLandscapeLeft UIInterfaceOrientationLandscapeRight UIInterfaceOrientationPortrait UIInterfaceOrientationPortraitUpsideDown";
				IPHONEOS_DEPLOYMENT_TARGET = 15.0;
				LD_RUNPATH_SEARCH_PATHS = (
					"$(inherited)",
					"@executable_path/Frameworks",
				);
				MARKETING_VERSION = 1.0;
				PRODUCT_BUNDLE_IDENTIFIER = com.jcwang.zhangbu.ZhangBu;
				PRODUCT_NAME = "$(TARGET_NAME)";
				SUPPORTED_PLATFORMS = "iphoneos iphonesimulator";
				SUPPORTS_MACCATALYST = YES;
				SUPPORTS_MAC_DESIGNED_FOR_IPHONE_IPAD = NO;
				SWIFT_EMIT_LOC_STRINGS = YES;
				SWIFT_VERSION = 5.0;
				TARGETED_DEVICE_FAMILY = "1,2";
			};
			name = Debug;
		};
		9D5A937A29BE1B4700EF4747 /* Release */ = {
			isa = XCBuildConfiguration;
			buildSettings = {
				ASSETCATALOG_COMPILER_APPICON_NAME = AppIcon;
				ASSETCATALOG_COMPILER_GLOBAL_ACCENT_COLOR_NAME = AccentColor;
				CODE_SIGN_ENTITLEMENTS = ZhangBu/ZhangBu.entitlements;
				CODE_SIGN_STYLE = Automatic;
				CURRENT_PROJECT_VERSION = 1;
				DEVELOPMENT_ASSET_PATHS = "\"ZhangBu/Preview Content\"";
				DEVELOPMENT_TEAM = QXK2SWBXZ7;
				ENABLE_PREVIEWS = YES;
				GENERATE_INFOPLIST_FILE = YES;
				INFOPLIST_FILE = ZhangBu/Info.plist;
				INFOPLIST_KEY_NSFaceIDUsageDescription = "请求使用Face ID解锁此app！";
				INFOPLIST_KEY_UIApplicationSceneManifest_Generation = YES;
				INFOPLIST_KEY_UIApplicationSupportsIndirectInputEvents = YES;
				INFOPLIST_KEY_UILaunchScreen_Generation = YES;
				INFOPLIST_KEY_UISupportedInterfaceOrientations = UIInterfaceOrientationPortrait;
				INFOPLIST_KEY_UISupportedInterfaceOrientations_iPad = "UIInterfaceOrientationLandscapeLeft UIInterfaceOrientationLandscapeRight UIInterfaceOrientationPortrait UIInterfaceOrientationPortraitUpsideDown";
				IPHONEOS_DEPLOYMENT_TARGET = 15.0;
				LD_RUNPATH_SEARCH_PATHS = (
					"$(inherited)",
					"@executable_path/Frameworks",
				);
				MARKETING_VERSION = 1.0;
				PRODUCT_BUNDLE_IDENTIFIER = com.jcwang.zhangbu.ZhangBu;
				PRODUCT_NAME = "$(TARGET_NAME)";
				SUPPORTED_PLATFORMS = "iphoneos iphonesimulator";
				SUPPORTS_MACCATALYST = YES;
				SUPPORTS_MAC_DESIGNED_FOR_IPHONE_IPAD = NO;
				SWIFT_EMIT_LOC_STRINGS = YES;
				SWIFT_VERSION = 5.0;
				TARGETED_DEVICE_FAMILY = "1,2";
			};
			name = Release;
		};
/* End XCBuildConfiguration section */

/* Begin XCConfigurationList section */
		9D5A935F29BE1B4600EF4747 /* Build configuration list for PBXProject "ZhangBu" */ = {
			isa = XCConfigurationList;
			buildConfigurations = (
				9D5A937629BE1B4700EF4747 /* Debug */,
				9D5A937729BE1B4700EF4747 /* Release */,
			);
			defaultConfigurationIsVisible = 0;
			defaultConfigurationName = Release;
		};
		9D5A937829BE1B4700EF4747 /* Build configuration list for PBXNativeTarget "ZhangBu" */ = {
			isa = XCConfigurationList;
			buildConfigurations = (
				9D5A937929BE1B4700EF4747 /* Debug */,
				9D5A937A29BE1B4700EF4747 /* Release */,
			);
			defaultConfigurationIsVisible = 0;
			defaultConfigurationName = Release;
		};
/* End XCConfigurationList section */

/* Begin XCVersionGroup section */
		9D5A937229BE1B4700EF4747 /* ZhangBu.xcdatamodeld */ = {
			isa = XCVersionGroup;
			children = (
				9D5A937329BE1B4700EF4747 /* ZhangBu.xcdatamodel */,
			);
			currentVersion = 9D5A937329BE1B4700EF4747 /* ZhangBu.xcdatamodel */;
			path = ZhangBu.xcdatamodeld;
			sourceTree = "<group>";
			versionGroupType = wrapper.xcdatamodel;
		};
/* End XCVersionGroup section */
	};
	rootObject = 9D5A935C29BE1B4600EF4747 /* Project object */;
}
